
Microsoft Visual Studio Solution File, Format Version 12.00
# Visual Studio Version 16
VisualStudioVersion = 16.0.30611.23
MinimumVisualStudioVersion = 10.0.40219.1
Project("{FAE04EC0-301F-11D3-BF4B-00C04F79EFBC}") = "Robot_Evolution", "Robot_Evolution.csproj", "{28A861FE-D8B6-4715-B096-BBE6CF2C4437}"
EndProject
Global
	GlobalSection(SolutionConfigurationPlatforms) = preSolution
		Debug|Any CPU = Debug|Any CPU
		Release|Any CPU = Release|Any CPU
	EndGlobalSection
	GlobalSection(ProjectConfigurationPlatforms) = postSolution
		{28A861FE-D8B6-4715-B096-BBE6CF2C4437}.Debug|Any CPU.ActiveCfg = Debug|Any CPU
		{28A861FE-D8B6-4715-B096-BBE6CF2C4437}.Debug|Any CPU.Build.0 = Debug|Any CPU
		{28A861FE-D8B6-4715-B096-BBE6CF2C4437}.Release|Any CPU.ActiveCfg = Release|Any CPU
		{28A861FE-D8B6-4715-B096-BBE6CF2C4437}.Release|Any CPU.Build.0 = Release|Any CPU
	EndGlobalSection
	GlobalSection(SolutionProperties) = preSolution
		HideSolutionNode = FALSE
	EndGlobalSection
	GlobalSection(ExtensibilityGlobals) = postSolution
		SolutionGuid = {BCB58F07-56F1-46F9-97D8-9C3CD743A52F}
	EndGlobalSection
EndGlobal
